
Microsoft Visual Studio Solution File, Format Version 12.00
# Visual Studio Version 17
VisualStudioVersion = 17.7.34202.233
MinimumVisualStudioVersion = 10.0.40219.1
Project("{FAE04EC0-301F-11D3-BF4B-00C04F79EFBC}") = "netflix-eco", "netflix-eco\netflix-eco.csproj", "{8D3856CB-99E7-401C-83E3-D83CF6DF44DE}"
EndProject
Global
	GlobalSection(SolutionConfigurationPlatforms) = preSolution
		Debug|Any CPU = Debug|Any CPU
		Release|Any CPU = Release|Any CPU
	EndGlobalSection
	GlobalSection(ProjectConfigurationPlatforms) = postSolution
		{8D3856CB-99E7-401C-83E3-D83CF6DF44DE}.Debug|Any CPU.ActiveCfg = Debug|Any CPU
		{8D3856CB-99E7-401C-83E3-D83CF6DF44DE}.Debug|Any CPU.Build.0 = Debug|Any CPU
		{8D3856CB-99E7-401C-83E3-D83CF6DF44DE}.Release|Any CPU.ActiveCfg = Release|Any CPU
		{8D3856CB-99E7-401C-83E3-D83CF6DF44DE}.Release|Any CPU.Build.0 = Release|Any CPU
	EndGlobalSection
	GlobalSection(SolutionProperties) = preSolution
		HideSolutionNode = FALSE
	EndGlobalSection
	GlobalSection(ExtensibilityGlobals) = postSolution
		SolutionGuid = {F40A8BC6-A043-4B52-9CF1-D5C67D227334}
	EndGlobalSection
EndGlobal
