
Microsoft Visual Studio Solution File, Format Version 12.00
# Visual Studio Version 17
VisualStudioVersion = 17.7.34202.233
MinimumVisualStudioVersion = 10.0.40219.1
Project("{FAE04EC0-301F-11D3-BF4B-00C04F79EFBC}") = "netflix-eco-back", "netflix-eco-back.csproj", "{63C4F78C-E829-4177-8CAF-DC7554FA7305}"
EndProject
Global
	GlobalSection(SolutionConfigurationPlatforms) = preSolution
		Debug|Any CPU = Debug|Any CPU
		Release|Any CPU = Release|Any CPU
	EndGlobalSection
	GlobalSection(ProjectConfigurationPlatforms) = postSolution
		{63C4F78C-E829-4177-8CAF-DC7554FA7305}.Debug|Any CPU.ActiveCfg = Debug|Any CPU
		{63C4F78C-E829-4177-8CAF-DC7554FA7305}.Debug|Any CPU.Build.0 = Debug|Any CPU
		{63C4F78C-E829-4177-8CAF-DC7554FA7305}.Release|Any CPU.ActiveCfg = Release|Any CPU
		{63C4F78C-E829-4177-8CAF-DC7554FA7305}.Release|Any CPU.Build.0 = Release|Any CPU
	EndGlobalSection
	GlobalSection(SolutionProperties) = preSolution
		HideSolutionNode = FALSE
	EndGlobalSection
	GlobalSection(ExtensibilityGlobals) = postSolution
		SolutionGuid = {8DD3F788-7732-4E0A-8BAD-1B6334188E34}
	EndGlobalSection
EndGlobal
